
Microsoft Visual Studio Solution File, Format Version 12.00
# Visual Studio Version 17
VisualStudioVersion = 17.0.31903.59
MinimumVisualStudioVersion = 10.0.40219.1
Project("{FAE04EC0-301F-11D3-BF4B-00C04F79EFBC}") = "Mine-bootcamp", "Mine-bootcamp\Mine-bootcamp.csproj", "{C6744A35-7F64-4729-A5EB-D69568D4962B}"
EndProject
Global
	GlobalSection(SolutionConfigurationPlatforms) = preSolution
		Debug|Any CPU = Debug|Any CPU
		Release|Any CPU = Release|Any CPU
	EndGlobalSection
	GlobalSection(SolutionProperties) = preSolution
		HideSolutionNode = FALSE
	EndGlobalSection
	GlobalSection(ProjectConfigurationPlatforms) = postSolution
		{C6744A35-7F64-4729-A5EB-D69568D4962B}.Debug|Any CPU.ActiveCfg = Debug|Any CPU
		{C6744A35-7F64-4729-A5EB-D69568D4962B}.Debug|Any CPU.Build.0 = Debug|Any CPU
		{C6744A35-7F64-4729-A5EB-D69568D4962B}.Release|Any CPU.ActiveCfg = Release|Any CPU
		{C6744A35-7F64-4729-A5EB-D69568D4962B}.Release|Any CPU.Build.0 = Release|Any CPU
	EndGlobalSection
EndGlobal
